// !$*UTF8*$!
{
	archiveVersion = 1;
	classes = {
	};
	objectVersion = 46;
	objects = {

/* Begin PBXBuildFile section */
		993328DB1900C23300529337 /* XivelyTimepoint.m in Sources */ = {isa = PBXBuildFile; fileRef = 993328DA1900C23300529337 /* XivelyTimepoint.m */; };
		99332A7A1900FC0000529337 /* libCorePlot-CocoaTouch.a in Frameworks */ = {isa = PBXBuildFile; fileRef = 99332A781900FC0000529337 /* libCorePlot-CocoaTouch.a */; };
		99332A7D1900FC3B00529337 /* QuartzCore.framework in Frameworks */ = {isa = PBXBuildFile; fileRef = 99332A7C1900FC3B00529337 /* QuartzCore.framework */; };
		99332A7F1900FC3F00529337 /* Accelerate.framework in Frameworks */ = {isa = PBXBuildFile; fileRef = 99332A7E1900FC3F00529337 /* Accelerate.framework */; };
		99332A821900FD1000529337 /* CorePlotExampleViewController.m in Sources */ = {isa = PBXBuildFile; fileRef = 99332A811900FD1000529337 /* CorePlotExampleViewController.m */; };
		99569C5A18FF36D600A211F3 /* Foundation.framework in Frameworks */ = {isa = PBXBuildFile; fileRef = 99569C5918FF36D600A211F3 /* Foundation.framework */; };
		99569C5C18FF36D600A211F3 /* CoreGraphics.framework in Frameworks */ = {isa = PBXBuildFile; fileRef = 99569C5B18FF36D600A211F3 /* CoreGraphics.framework */; };
		99569C5E18FF36D600A211F3 /* UIKit.framework in Frameworks */ = {isa = PBXBuildFile; fileRef = 99569C5D18FF36D600A211F3 /* UIKit.framework */; };
		99569C6418FF36D600A211F3 /* InfoPlist.strings in Resources */ = {isa = PBXBuildFile; fileRef = 99569C6218FF36D600A211F3 /* InfoPlist.strings */; };
		99569C6618FF36D600A211F3 /* main.m in Sources */ = {isa = PBXBuildFile; fileRef = 99569C6518FF36D600A211F3 /* main.m */; };
		99569C6A18FF36D600A211F3 /* AppDelegate.m in Sources */ = {isa = PBXBuildFile; fileRef = 99569C6918FF36D600A211F3 /* AppDelegate.m */; };
		99569C6D18FF36D600A211F3 /* Main.storyboard in Resources */ = {isa = PBXBuildFile; fileRef = 99569C6B18FF36D600A211F3 /* Main.storyboard */; };
		99569C7218FF36D600A211F3 /* Images.xcassets in Resources */ = {isa = PBXBuildFile; fileRef = 99569C7118FF36D600A211F3 /* Images.xcassets */; };
		99569C7918FF36D600A211F3 /* XCTest.framework in Frameworks */ = {isa = PBXBuildFile; fileRef = 99569C7818FF36D600A211F3 /* XCTest.framework */; };
		99569C7A18FF36D600A211F3 /* Foundation.framework in Frameworks */ = {isa = PBXBuildFile; fileRef = 99569C5918FF36D600A211F3 /* Foundation.framework */; };
		99569C7B18FF36D600A211F3 /* UIKit.framework in Frameworks */ = {isa = PBXBuildFile; fileRef = 99569C5D18FF36D600A211F3 /* UIKit.framework */; };
		99569C8318FF36D600A211F3 /* InfoPlist.strings in Resources */ = {isa = PBXBuildFile; fileRef = 99569C8118FF36D600A211F3 /* InfoPlist.strings */; };
		99569C8518FF36D600A211F3 /* BME598_final_projectTests.m in Sources */ = {isa = PBXBuildFile; fileRef = 99569C8418FF36D600A211F3 /* BME598_final_projectTests.m */; };
		99569C9018FF372200A211F3 /* XivelyManager.m in Sources */ = {isa = PBXBuildFile; fileRef = 99569C8F18FF372200A211F3 /* XivelyManager.m */; };
		99569C9318FF3DC000A211F3 /* XivelyData.m in Sources */ = {isa = PBXBuildFile; fileRef = 99569C9218FF3DC000A211F3 /* XivelyData.m */; };
/* End PBXBuildFile section */

/* Begin PBXContainerItemProxy section */
		99569C7C18FF36D600A211F3 /* PBXContainerItemProxy */ = {
			isa = PBXContainerItemProxy;
			containerPortal = 99569C4E18FF36D600A211F3 /* Project object */;
			proxyType = 1;
			remoteGlobalIDString = 99569C5518FF36D600A211F3;
			remoteInfo = BME598_final_project;
		};
/* End PBXContainerItemProxy section */

/* Begin PBXFileReference section */
		993328D91900C23300529337 /* XivelyTimepoint.h */ = {isa = PBXFileReference; fileEncoding = 4; lastKnownFileType = sourcecode.c.h; path = XivelyTimepoint.h; sourceTree = "<group>"; };
		993328DA1900C23300529337 /* XivelyTimepoint.m */ = {isa = PBXFileReference; fileEncoding = 4; lastKnownFileType = sourcecode.c.objc; path = XivelyTimepoint.m; sourceTree = "<group>"; };
		99332A781900FC0000529337 /* libCorePlot-CocoaTouch.a */ = {isa = PBXFileReference; lastKnownFileType = archive.ar; path = "libCorePlot-CocoaTouch.a"; sourceTree = "<group>"; };
		99332A7C1900FC3B00529337 /* QuartzCore.framework */ = {isa = PBXFileReference; lastKnownFileType = wrapper.framework; name = QuartzCore.framework; path = System/Library/Frameworks/QuartzCore.framework; sourceTree = SDKROOT; };
		99332A7E1900FC3F00529337 /* Accelerate.framework */ = {isa = PBXFileReference; lastKnownFileType = wrapper.framework; name = Accelerate.framework; path = System/Library/Frameworks/Accelerate.framework; sourceTree = SDKROOT; };
		99332A801900FD1000529337 /* CorePlotExampleViewController.h */ = {isa = PBXFileReference; fileEncoding = 4; lastKnownFileType = sourcecode.c.h; path = CorePlotExampleViewController.h; sourceTree = "<group>"; };
		99332A811900FD1000529337 /* CorePlotExampleViewController.m */ = {isa = PBXFileReference; fileEncoding = 4; lastKnownFileType = sourcecode.c.objc; path = CorePlotExampleViewController.m; sourceTree = "<group>"; };
		99332A841900FD7400529337 /* CorePlot-CocoaTouch.h */ = {isa = PBXFileReference; fileEncoding = 4; lastKnownFileType = sourcecode.c.h; path = "CorePlot-CocoaTouch.h"; sourceTree = "<group>"; };
		99332A851900FD7400529337 /* CPTAnimation.h */ = {isa = PBXFileReference; fileEncoding = 4; lastKnownFileType = sourcecode.c.h; path = CPTAnimation.h; sourceTree = "<group>"; };
		99332A861900FD7400529337 /* CPTAnimationOperation.h */ = {isa = PBXFileReference; fileEncoding = 4; lastKnownFileType = sourcecode.c.h; path = CPTAnimationOperation.h; sourceTree = "<group>"; };
		99332A871900FD7400529337 /* CPTAnimationPeriod.h */ = {isa = PBXFileReference; fileEncoding = 4; lastKnownFileType = sourcecode.c.h; path = CPTAnimationPeriod.h; sourceTree = "<group>"; };
		99332A881900FD7400529337 /* CPTAnnotation.h */ = {isa = PBXFileReference; fileEncoding = 4; lastKnownFileType = sourcecode.c.h; path = CPTAnnotation.h; sourceTree = "<group>"; };
		99332A891900FD7400529337 /* CPTAnnotationHostLayer.h */ = {isa = PBXFileReference; fileEncoding = 4; lastKnownFileType = sourcecode.c.h; path = CPTAnnotationHostLayer.h; sourceTree = "<group>"; };
		99332A8A1900FD7400529337 /* CPTAxis.h */ = {isa = PBXFileReference; fileEncoding = 4; lastKnownFileType = sourcecode.c.h; path = CPTAxis.h; sourceTree = "<group>"; };
		99332A8B1900FD7400529337 /* CPTAxisLabel.h */ = {isa = PBXFileReference; fileEncoding = 4; lastKnownFileType = sourcecode.c.h; path = CPTAxisLabel.h; sourceTree = "<group>"; };
		99332A8C1900FD7400529337 /* CPTAxisLabelGroup.h */ = {isa = PBXFileReference; fileEncoding = 4; lastKnownFileType = sourcecode.c.h; path = CPTAxisLabelGroup.h; sourceTree = "<group>"; };
		99332A8D1900FD7400529337 /* CPTAxisSet.h */ = {isa = PBXFileReference; fileEncoding = 4; lastKnownFileType = sourcecode.c.h; path = CPTAxisSet.h; sourceTree = "<group>"; };
		99332A8E1900FD7400529337 /* CPTAxisTitle.h */ = {isa = PBXFileReference; fileEncoding = 4; lastKnownFileType = sourcecode.c.h; path = CPTAxisTitle.h; sourceTree = "<group>"; };
		99332A8F1900FD7400529337 /* CPTBarPlot.h */ = {isa = PBXFileReference; fileEncoding = 4; lastKnownFileType = sourcecode.c.h; path = CPTBarPlot.h; sourceTree = "<group>"; };
		99332A901900FD7400529337 /* CPTBorderedLayer.h */ = {isa = PBXFileReference; fileEncoding = 4; lastKnownFileType = sourcecode.c.h; path = CPTBorderedLayer.h; sourceTree = "<group>"; };
		99332A911900FD7400529337 /* CPTCalendarFormatter.h */ = {isa = PBXFileReference; fileEncoding = 4; lastKnownFileType = sourcecode.c.h; path = CPTCalendarFormatter.h; sourceTree = "<group>"; };
		99332A921900FD7400529337 /* CPTColor.h */ = {isa = PBXFileReference; fileEncoding = 4; lastKnownFileType = sourcecode.c.h; path = CPTColor.h; sourceTree = "<group>"; };
		99332A931900FD7400529337 /* CPTColorSpace.h */ = {isa = PBXFileReference; fileEncoding = 4; lastKnownFileType = sourcecode.c.h; path = CPTColorSpace.h; sourceTree = "<group>"; };
		99332A941900FD7400529337 /* CPTConstraints.h */ = {isa = PBXFileReference; fileEncoding = 4; lastKnownFileType = sourcecode.c.h; path = CPTConstraints.h; sourceTree = "<group>"; };
		99332A951900FD7400529337 /* CPTDataSourceTestCase.h */ = {isa = PBXFileReference; fileEncoding = 4; lastKnownFileType = sourcecode.c.h; path = CPTDataSourceTestCase.h; sourceTree = "<group>"; };
		99332A961900FD7400529337 /* CPTDefinitions.h */ = {isa = PBXFileReference; fileEncoding = 4; lastKnownFileType = sourcecode.c.h; path = CPTDefinitions.h; sourceTree = "<group>"; };
		99332A971900FD7400529337 /* CPTDerivedXYGraph.h */ = {isa = PBXFileReference; fileEncoding = 4; lastKnownFileType = sourcecode.c.h; path = CPTDerivedXYGraph.h; sourceTree = "<group>"; };
		99332A981900FD7400529337 /* CPTExceptions.h */ = {isa = PBXFileReference; fileEncoding = 4; lastKnownFileType = sourcecode.c.h; path = CPTExceptions.h; sourceTree = "<group>"; };
		99332A991900FD7500529337 /* CPTFill.h */ = {isa = PBXFileReference; fileEncoding = 4; lastKnownFileType = sourcecode.c.h; path = CPTFill.h; sourceTree = "<group>"; };
		99332A9A1900FD7500529337 /* CPTFunctionDataSource.h */ = {isa = PBXFileReference; fileEncoding = 4; lastKnownFileType = sourcecode.c.h; path = CPTFunctionDataSource.h; sourceTree = "<group>"; };
		99332A9B1900FD7500529337 /* CPTGradient.h */ = {isa = PBXFileReference; fileEncoding = 4; lastKnownFileType = sourcecode.c.h; path = CPTGradient.h; sourceTree = "<group>"; };
		99332A9C1900FD7500529337 /* CPTGraph.h */ = {isa = PBXFileReference; fileEncoding = 4; lastKnownFileType = sourcecode.c.h; path = CPTGraph.h; sourceTree = "<group>"; };
		99332A9D1900FD7500529337 /* CPTGraphHostingView.h */ = {isa = PBXFileReference; fileEncoding = 4; lastKnownFileType = sourcecode.c.h; path = CPTGraphHostingView.h; sourceTree = "<group>"; };
		99332A9E1900FD7500529337 /* CPTGridLineGroup.h */ = {isa = PBXFileReference; fileEncoding = 4; lastKnownFileType = sourcecode.c.h; path = CPTGridLineGroup.h; sourceTree = "<group>"; };
		99332A9F1900FD7500529337 /* CPTGridLines.h */ = {isa = PBXFileReference; fileEncoding = 4; lastKnownFileType = sourcecode.c.h; path = CPTGridLines.h; sourceTree = "<group>"; };
		99332AA01900FD7500529337 /* CPTImage.h */ = {isa = PBXFileReference; fileEncoding = 4; lastKnownFileType = sourcecode.c.h; path = CPTImage.h; sourceTree = "<group>"; };
		99332AA11900FD7500529337 /* CPTLayer.h */ = {isa = PBXFileReference; fileEncoding = 4; lastKnownFileType = sourcecode.c.h; path = CPTLayer.h; sourceTree = "<group>"; };
		99332AA21900FD7500529337 /* CPTLayerAnnotation.h */ = {isa = PBXFileReference; fileEncoding = 4; lastKnownFileType = sourcecode.c.h; path = CPTLayerAnnotation.h; sourceTree = "<group>"; };
		99332AA31900FD7500529337 /* CPTLegend.h */ = {isa = PBXFileReference; fileEncoding = 4; lastKnownFileType = sourcecode.c.h; path = CPTLegend.h; sourceTree = "<group>"; };
		99332AA41900FD7500529337 /* CPTLegendEntry.h */ = {isa = PBXFileReference; fileEncoding = 4; lastKnownFileType = sourcecode.c.h; path = CPTLegendEntry.h; sourceTree = "<group>"; };
		99332AA51900FD7500529337 /* CPTLimitBand.h */ = {isa = PBXFileReference; fileEncoding = 4; lastKnownFileType = sourcecode.c.h; path = CPTLimitBand.h; sourceTree = "<group>"; };
		99332AA61900FD7500529337 /* CPTLineCap.h */ = {isa = PBXFileReference; fileEncoding = 4; lastKnownFileType = sourcecode.c.h; path = CPTLineCap.h; sourceTree = "<group>"; };
		99332AA71900FD7500529337 /* CPTLineStyle.h */ = {isa = PBXFileReference; fileEncoding = 4; lastKnownFileType = sourcecode.c.h; path = CPTLineStyle.h; sourceTree = "<group>"; };
		99332AA81900FD7500529337 /* CPTMutableLineStyle.h */ = {isa = PBXFileReference; fileEncoding = 4; lastKnownFileType = sourcecode.c.h; path = CPTMutableLineStyle.h; sourceTree = "<group>"; };
		99332AA91900FD7500529337 /* CPTMutableNumericData+TypeConversion.h */ = {isa = PBXFileReference; fileEncoding = 4; lastKnownFileType = sourcecode.c.h; path = "CPTMutableNumericData+TypeConversion.h"; sourceTree = "<group>"; };
		99332AAA1900FD7500529337 /* CPTMutableNumericData.h */ = {isa = PBXFileReference; fileEncoding = 4; lastKnownFileType = sourcecode.c.h; path = CPTMutableNumericData.h; sourceTree = "<group>"; };
		99332AAB1900FD7500529337 /* CPTMutablePlotRange.h */ = {isa = PBXFileReference; fileEncoding = 4; lastKnownFileType = sourcecode.c.h; path = CPTMutablePlotRange.h; sourceTree = "<group>"; };
		99332AAC1900FD7500529337 /* CPTMutableShadow.h */ = {isa = PBXFileReference; fileEncoding = 4; lastKnownFileType = sourcecode.c.h; path = CPTMutableShadow.h; sourceTree = "<group>"; };
		99332AAD1900FD7500529337 /* CPTMutableTextStyle.h */ = {isa = PBXFileReference; fileEncoding = 4; lastKnownFileType = sourcecode.c.h; path = CPTMutableTextStyle.h; sourceTree = "<group>"; };
		99332AAE1900FD7500529337 /* CPTNumericData+TypeConversion.h */ = {isa = PBXFileReference; fileEncoding = 4; lastKnownFileType = sourcecode.c.h; path = "CPTNumericData+TypeConversion.h"; sourceTree = "<group>"; };
		99332AAF1900FD7500529337 /* CPTNumericData.h */ = {isa = PBXFileReference; fileEncoding = 4; lastKnownFileType = sourcecode.c.h; path = CPTNumericData.h; sourceTree = "<group>"; };
		99332AB01900FD7500529337 /* CPTNumericDataType.h */ = {isa = PBXFileReference; fileEncoding = 4; lastKnownFileType = sourcecode.c.h; path = CPTNumericDataType.h; sourceTree = "<group>"; };
		99332AB11900FD7500529337 /* CPTPathExtensions.h */ = {isa = PBXFileReference; fileEncoding = 4; lastKnownFileType = sourcecode.c.h; path = CPTPathExtensions.h; sourceTree = "<group>"; };
		99332AB21900FD7500529337 /* CPTPieChart.h */ = {isa = PBXFileReference; fileEncoding = 4; lastKnownFileType = sourcecode.c.h; path = CPTPieChart.h; sourceTree = "<group>"; };
		99332AB31900FD7500529337 /* CPTPlatformSpecificCategories.h */ = {isa = PBXFileReference; fileEncoding = 4; lastKnownFileType = sourcecode.c.h; path = CPTPlatformSpecificCategories.h; sourceTree = "<group>"; };
		99332AB41900FD7500529337 /* CPTPlatformSpecificDefines.h */ = {isa = PBXFileReference; fileEncoding = 4; lastKnownFileType = sourcecode.c.h; path = CPTPlatformSpecificDefines.h; sourceTree = "<group>"; };
		99332AB51900FD7500529337 /* CPTPlatformSpecificFunctions.h */ = {isa = PBXFileReference; fileEncoding = 4; lastKnownFileType = sourcecode.c.h; path = CPTPlatformSpecificFunctions.h; sourceTree = "<group>"; };
		99332AB61900FD7500529337 /* CPTPlot.h */ = {isa = PBXFileReference; fileEncoding = 4; lastKnownFileType = sourcecode.c.h; path = CPTPlot.h; sourceTree = "<group>"; };
		99332AB71900FD7500529337 /* CPTPlotArea.h */ = {isa = PBXFileReference; fileEncoding = 4; lastKnownFileType = sourcecode.c.h; path = CPTPlotArea.h; sourceTree = "<group>"; };
		99332AB81900FD7500529337 /* CPTPlotAreaFrame.h */ = {isa = PBXFileReference; fileEncoding = 4; lastKnownFileType = sourcecode.c.h; path = CPTPlotAreaFrame.h; sourceTree = "<group>"; };
		99332AB91900FD7500529337 /* CPTPlotGroup.h */ = {isa = PBXFileReference; fileEncoding = 4; lastKnownFileType = sourcecode.c.h; path = CPTPlotGroup.h; sourceTree = "<group>"; };
		99332ABA1900FD7500529337 /* CPTPlotRange.h */ = {isa = PBXFileReference; fileEncoding = 4; lastKnownFileType = sourcecode.c.h; path = CPTPlotRange.h; sourceTree = "<group>"; };
		99332ABB1900FD7500529337 /* CPTPlotSpace.h */ = {isa = PBXFileReference; fileEncoding = 4; lastKnownFileType = sourcecode.c.h; path = CPTPlotSpace.h; sourceTree = "<group>"; };
		99332ABC1900FD7500529337 /* CPTPlotSpaceAnnotation.h */ = {isa = PBXFileReference; fileEncoding = 4; lastKnownFileType = sourcecode.c.h; path = CPTPlotSpaceAnnotation.h; sourceTree = "<group>"; };
		99332ABD1900FD7500529337 /* CPTPlotSymbol.h */ = {isa = PBXFileReference; fileEncoding = 4; lastKnownFileType = sourcecode.c.h; path = CPTPlotSymbol.h; sourceTree = "<group>"; };
		99332ABE1900FD7500529337 /* CPTRangePlot.h */ = {isa = PBXFileReference; fileEncoding = 4; lastKnownFileType = sourcecode.c.h; path = CPTRangePlot.h; sourceTree = "<group>"; };
		99332ABF1900FD7500529337 /* CPTResponder.h */ = {isa = PBXFileReference; fileEncoding = 4; lastKnownFileType = sourcecode.c.h; path = CPTResponder.h; sourceTree = "<group>"; };
		99332AC01900FD7500529337 /* CPTScatterPlot.h */ = {isa = PBXFileReference; fileEncoding = 4; lastKnownFileType = sourcecode.c.h; path = CPTScatterPlot.h; sourceTree = "<group>"; };
		99332AC11900FD7500529337 /* CPTShadow.h */ = {isa = PBXFileReference; fileEncoding = 4; lastKnownFileType = sourcecode.c.h; path = CPTShadow.h; sourceTree = "<group>"; };
		99332AC21900FD7500529337 /* CPTTestCase.h */ = {isa = PBXFileReference; fileEncoding = 4; lastKnownFileType = sourcecode.c.h; path = CPTTestCase.h; sourceTree = "<group>"; };
		99332AC31900FD7500529337 /* CPTTextLayer.h */ = {isa = PBXFileReference; fileEncoding = 4; lastKnownFileType = sourcecode.c.h; path = CPTTextLayer.h; sourceTree = "<group>"; };
		99332AC41900FD7500529337 /* CPTTextStyle.h */ = {isa = PBXFileReference; fileEncoding = 4; lastKnownFileType = sourcecode.c.h; path = CPTTextStyle.h; sourceTree = "<group>"; };
		99332AC51900FD7500529337 /* CPTTextStylePlatformSpecific.h */ = {isa = PBXFileReference; fileEncoding = 4; lastKnownFileType = sourcecode.c.h; path = CPTTextStylePlatformSpecific.h; sourceTree = "<group>"; };
		99332AC61900FD7500529337 /* CPTTheme.h */ = {isa = PBXFileReference; fileEncoding = 4; lastKnownFileType = sourcecode.c.h; path = CPTTheme.h; sourceTree = "<group>"; };
		99332AC71900FD7500529337 /* CPTTimeFormatter.h */ = {isa = PBXFileReference; fileEncoding = 4; lastKnownFileType = sourcecode.c.h; path = CPTTimeFormatter.h; sourceTree = "<group>"; };
		99332AC81900FD7500529337 /* CPTTradingRangePlot.h */ = {isa = PBXFileReference; fileEncoding = 4; lastKnownFileType = sourcecode.c.h; path = CPTTradingRangePlot.h; sourceTree = "<group>"; };
		99332AC91900FD7500529337 /* CPTUtilities.h */ = {isa = PBXFileReference; fileEncoding = 4; lastKnownFileType = sourcecode.c.h; path = CPTUtilities.h; sourceTree = "<group>"; };
		99332ACA1900FD7500529337 /* CPTXYAxis.h */ = {isa = PBXFileReference; fileEncoding = 4; lastKnownFileType = sourcecode.c.h; path = CPTXYAxis.h; sourceTree = "<group>"; };
		99332ACB1900FD7500529337 /* CPTXYAxisSet.h */ = {isa = PBXFileReference; fileEncoding = 4; lastKnownFileType = sourcecode.c.h; path = CPTXYAxisSet.h; sourceTree = "<group>"; };
		99332ACC1900FD7500529337 /* CPTXYGraph.h */ = {isa = PBXFileReference; fileEncoding = 4; lastKnownFileType = sourcecode.c.h; path = CPTXYGraph.h; sourceTree = "<group>"; };
		99332ACD1900FD7500529337 /* CPTXYPlotSpace.h */ = {isa = PBXFileReference; fileEncoding = 4; lastKnownFileType = sourcecode.c.h; path = CPTXYPlotSpace.h; sourceTree = "<group>"; };
		99332ACE1900FD7500529337 /* mainpage.h */ = {isa = PBXFileReference; fileEncoding = 4; lastKnownFileType = sourcecode.c.h; path = mainpage.h; sourceTree = "<group>"; };
		99332ACF1900FD7500529337 /* NSCoderExtensions.h */ = {isa = PBXFileReference; fileEncoding = 4; lastKnownFileType = sourcecode.c.h; path = NSCoderExtensions.h; sourceTree = "<group>"; };
		99332AD01900FD7500529337 /* NSDecimalNumberExtensions.h */ = {isa = PBXFileReference; fileEncoding = 4; lastKnownFileType = sourcecode.c.h; path = NSDecimalNumberExtensions.h; sourceTree = "<group>"; };
		99332AD11900FD7500529337 /* NSNumberExtensions.h */ = {isa = PBXFileReference; fileEncoding = 4; lastKnownFileType = sourcecode.c.h; path = NSNumberExtensions.h; sourceTree = "<group>"; };
		99569C5618FF36D600A211F3 /* BME598_final_project.app */ = {isa = PBXFileReference; explicitFileType = wrapper.application; includeInIndex = 0; path = BME598_final_project.app; sourceTree = BUILT_PRODUCTS_DIR; };
		99569C5918FF36D600A211F3 /* Foundation.framework */ = {isa = PBXFileReference; lastKnownFileType = wrapper.framework; name = Foundation.framework; path = System/Library/Frameworks/Foundation.framework; sourceTree = SDKROOT; };
		99569C5B18FF36D600A211F3 /* CoreGraphics.framework */ = {isa = PBXFileReference; lastKnownFileType = wrapper.framework; name = CoreGraphics.framework; path = System/Library/Frameworks/CoreGraphics.framework; sourceTree = SDKROOT; };
		99569C5D18FF36D600A211F3 /* UIKit.framework */ = {isa = PBXFileReference; lastKnownFileType = wrapper.framework; name = UIKit.framework; path = System/Library/Frameworks/UIKit.framework; sourceTree = SDKROOT; };
		99569C6118FF36D600A211F3 /* BME598_final_project-Info.plist */ = {isa = PBXFileReference; lastKnownFileType = text.plist.xml; path = "BME598_final_project-Info.plist"; sourceTree = "<group>"; };
		99569C6318FF36D600A211F3 /* en */ = {isa = PBXFileReference; lastKnownFileType = text.plist.strings; name = en; path = en.lproj/InfoPlist.strings; sourceTree = "<group>"; };
		99569C6518FF36D600A211F3 /* main.m */ = {isa = PBXFileReference; lastKnownFileType = sourcecode.c.objc; path = main.m; sourceTree = "<group>"; };
		99569C6718FF36D600A211F3 /* BME598_final_project-Prefix.pch */ = {isa = PBXFileReference; lastKnownFileType = sourcecode.c.h; path = "BME598_final_project-Prefix.pch"; sourceTree = "<group>"; };
		99569C6818FF36D600A211F3 /* AppDelegate.h */ = {isa = PBXFileReference; lastKnownFileType = sourcecode.c.h; path = AppDelegate.h; sourceTree = "<group>"; };
		99569C6918FF36D600A211F3 /* AppDelegate.m */ = {isa = PBXFileReference; lastKnownFileType = sourcecode.c.objc; path = AppDelegate.m; sourceTree = "<group>"; };
		99569C6C18FF36D600A211F3 /* Base */ = {isa = PBXFileReference; lastKnownFileType = file.storyboard; name = Base; path = Base.lproj/Main.storyboard; sourceTree = "<group>"; };
		99569C7118FF36D600A211F3 /* Images.xcassets */ = {isa = PBXFileReference; lastKnownFileType = folder.assetcatalog; path = Images.xcassets; sourceTree = "<group>"; };
		99569C7718FF36D600A211F3 /* BME598_final_projectTests.xctest */ = {isa = PBXFileReference; explicitFileType = wrapper.cfbundle; includeInIndex = 0; path = BME598_final_projectTests.xctest; sourceTree = BUILT_PRODUCTS_DIR; };
		99569C7818FF36D600A211F3 /* XCTest.framework */ = {isa = PBXFileReference; lastKnownFileType = wrapper.framework; name = XCTest.framework; path = Library/Frameworks/XCTest.framework; sourceTree = DEVELOPER_DIR; };
		99569C8018FF36D600A211F3 /* BME598_final_projectTests-Info.plist */ = {isa = PBXFileReference; lastKnownFileType = text.plist.xml; path = "BME598_final_projectTests-Info.plist"; sourceTree = "<group>"; };
		99569C8218FF36D600A211F3 /* en */ = {isa = PBXFileReference; lastKnownFileType = text.plist.strings; name = en; path = en.lproj/InfoPlist.strings; sourceTree = "<group>"; };
		99569C8418FF36D600A211F3 /* BME598_final_projectTests.m */ = {isa = PBXFileReference; lastKnownFileType = sourcecode.c.objc; path = BME598_final_projectTests.m; sourceTree = "<group>"; };
		99569C8E18FF372200A211F3 /* XivelyManager.h */ = {isa = PBXFileReference; fileEncoding = 4; lastKnownFileType = sourcecode.c.h; path = XivelyManager.h; sourceTree = "<group>"; };
		99569C8F18FF372200A211F3 /* XivelyManager.m */ = {isa = PBXFileReference; fileEncoding = 4; lastKnownFileType = sourcecode.c.objc; path = XivelyManager.m; sourceTree = "<group>"; };
		99569C9118FF3DC000A211F3 /* XivelyData.h */ = {isa = PBXFileReference; fileEncoding = 4; lastKnownFileType = sourcecode.c.h; path = XivelyData.h; sourceTree = "<group>"; };
		99569C9218FF3DC000A211F3 /* XivelyData.m */ = {isa = PBXFileReference; fileEncoding = 4; lastKnownFileType = sourcecode.c.objc; path = XivelyData.m; sourceTree = "<group>"; };
/* End PBXFileReference section */

/* Begin PBXFrameworksBuildPhase section */
		99569C5318FF36D600A211F3 /* Frameworks */ = {
			isa = PBXFrameworksBuildPhase;
			buildActionMask = 2147483647;
			files = (
				99332A7F1900FC3F00529337 /* Accelerate.framework in Frameworks */,
				99332A7D1900FC3B00529337 /* QuartzCore.framework in Frameworks */,
				99569C5C18FF36D600A211F3 /* CoreGraphics.framework in Frameworks */,
				99569C5E18FF36D600A211F3 /* UIKit.framework in Frameworks */,
				99569C5A18FF36D600A211F3 /* Foundation.framework in Frameworks */,
				99332A7A1900FC0000529337 /* libCorePlot-CocoaTouch.a in Frameworks */,
			);
			runOnlyForDeploymentPostprocessing = 0;
		};
		99569C7418FF36D600A211F3 /* Frameworks */ = {
			isa = PBXFrameworksBuildPhase;
			buildActionMask = 2147483647;
			files = (
				99569C7918FF36D600A211F3 /* XCTest.framework in Frameworks */,
				99569C7B18FF36D600A211F3 /* UIKit.framework in Frameworks */,
				99569C7A18FF36D600A211F3 /* Foundation.framework in Frameworks */,
			);
			runOnlyForDeploymentPostprocessing = 0;
		};
/* End PBXFrameworksBuildPhase section */

/* Begin PBXGroup section */
		99332A831900FD7400529337 /* CorePlotHeaders */ = {
			isa = PBXGroup;
			children = (
				99332A841900FD7400529337 /* CorePlot-CocoaTouch.h */,
				99332A851900FD7400529337 /* CPTAnimation.h */,
				99332A861900FD7400529337 /* CPTAnimationOperation.h */,
				99332A871900FD7400529337 /* CPTAnimationPeriod.h */,
				99332A881900FD7400529337 /* CPTAnnotation.h */,
				99332A891900FD7400529337 /* CPTAnnotationHostLayer.h */,
				99332A8A1900FD7400529337 /* CPTAxis.h */,
				99332A8B1900FD7400529337 /* CPTAxisLabel.h */,
				99332A8C1900FD7400529337 /* CPTAxisLabelGroup.h */,
				99332A8D1900FD7400529337 /* CPTAxisSet.h */,
				99332A8E1900FD7400529337 /* CPTAxisTitle.h */,
				99332A8F1900FD7400529337 /* CPTBarPlot.h */,
				99332A901900FD7400529337 /* CPTBorderedLayer.h */,
				99332A911900FD7400529337 /* CPTCalendarFormatter.h */,
				99332A921900FD7400529337 /* CPTColor.h */,
				99332A931900FD7400529337 /* CPTColorSpace.h */,
				99332A941900FD7400529337 /* CPTConstraints.h */,
				99332A951900FD7400529337 /* CPTDataSourceTestCase.h */,
				99332A961900FD7400529337 /* CPTDefinitions.h */,
				99332A971900FD7400529337 /* CPTDerivedXYGraph.h */,
				99332A981900FD7400529337 /* CPTExceptions.h */,
				99332A991900FD7500529337 /* CPTFill.h */,
				99332A9A1900FD7500529337 /* CPTFunctionDataSource.h */,
				99332A9B1900FD7500529337 /* CPTGradient.h */,
				99332A9C1900FD7500529337 /* CPTGraph.h */,
				99332A9D1900FD7500529337 /* CPTGraphHostingView.h */,
				99332A9E1900FD7500529337 /* CPTGridLineGroup.h */,
				99332A9F1900FD7500529337 /* CPTGridLines.h */,
				99332AA01900FD7500529337 /* CPTImage.h */,
				99332AA11900FD7500529337 /* CPTLayer.h */,
				99332AA21900FD7500529337 /* CPTLayerAnnotation.h */,
				99332AA31900FD7500529337 /* CPTLegend.h */,
				99332AA41900FD7500529337 /* CPTLegendEntry.h */,
				99332AA51900FD7500529337 /* CPTLimitBand.h */,
				99332AA61900FD7500529337 /* CPTLineCap.h */,
				99332AA71900FD7500529337 /* CPTLineStyle.h */,
				99332AA81900FD7500529337 /* CPTMutableLineStyle.h */,
				99332AA91900FD7500529337 /* CPTMutableNumericData+TypeConversion.h */,
				99332AAA1900FD7500529337 /* CPTMutableNumericData.h */,
				99332AAB1900FD7500529337 /* CPTMutablePlotRange.h */,
				99332AAC1900FD7500529337 /* CPTMutableShadow.h */,
				99332AAD1900FD7500529337 /* CPTMutableTextStyle.h */,
				99332AAE1900FD7500529337 /* CPTNumericData+TypeConversion.h */,
				99332AAF1900FD7500529337 /* CPTNumericData.h */,
				99332AB01900FD7500529337 /* CPTNumericDataType.h */,
				99332AB11900FD7500529337 /* CPTPathExtensions.h */,
				99332AB21900FD7500529337 /* CPTPieChart.h */,
				99332AB31900FD7500529337 /* CPTPlatformSpecificCategories.h */,
				99332AB41900FD7500529337 /* CPTPlatformSpecificDefines.h */,
				99332AB51900FD7500529337 /* CPTPlatformSpecificFunctions.h */,
				99332AB61900FD7500529337 /* CPTPlot.h */,
				99332AB71900FD7500529337 /* CPTPlotArea.h */,
				99332AB81900FD7500529337 /* CPTPlotAreaFrame.h */,
				99332AB91900FD7500529337 /* CPTPlotGroup.h */,
				99332ABA1900FD7500529337 /* CPTPlotRange.h */,
				99332ABB1900FD7500529337 /* CPTPlotSpace.h */,
				99332ABC1900FD7500529337 /* CPTPlotSpaceAnnotation.h */,
				99332ABD1900FD7500529337 /* CPTPlotSymbol.h */,
				99332ABE1900FD7500529337 /* CPTRangePlot.h */,
				99332ABF1900FD7500529337 /* CPTResponder.h */,
				99332AC01900FD7500529337 /* CPTScatterPlot.h */,
				99332AC11900FD7500529337 /* CPTShadow.h */,
				99332AC21900FD7500529337 /* CPTTestCase.h */,
				99332AC31900FD7500529337 /* CPTTextLayer.h */,
				99332AC41900FD7500529337 /* CPTTextStyle.h */,
				99332AC51900FD7500529337 /* CPTTextStylePlatformSpecific.h */,
				99332AC61900FD7500529337 /* CPTTheme.h */,
				99332AC71900FD7500529337 /* CPTTimeFormatter.h */,
				99332AC81900FD7500529337 /* CPTTradingRangePlot.h */,
				99332AC91900FD7500529337 /* CPTUtilities.h */,
				99332ACA1900FD7500529337 /* CPTXYAxis.h */,
				99332ACB1900FD7500529337 /* CPTXYAxisSet.h */,
				99332ACC1900FD7500529337 /* CPTXYGraph.h */,
				99332ACD1900FD7500529337 /* CPTXYPlotSpace.h */,
				99332ACE1900FD7500529337 /* mainpage.h */,
				99332ACF1900FD7500529337 /* NSCoderExtensions.h */,
				99332AD01900FD7500529337 /* NSDecimalNumberExtensions.h */,
				99332AD11900FD7500529337 /* NSNumberExtensions.h */,
			);
			path = CorePlotHeaders;
			sourceTree = "<group>";
		};
		99569C4D18FF36D600A211F3 = {
			isa = PBXGroup;
			children = (
				99332A801900FD1000529337 /* CorePlotExampleViewController.h */,
				99332A811900FD1000529337 /* CorePlotExampleViewController.m */,
				99569C5F18FF36D600A211F3 /* BME598_final_project */,
				99569C7E18FF36D600A211F3 /* BME598_final_projectTests */,
				99569C5818FF36D600A211F3 /* Frameworks */,
				99569C5718FF36D600A211F3 /* Products */,
			);
			sourceTree = "<group>";
		};
		99569C5718FF36D600A211F3 /* Products */ = {
			isa = PBXGroup;
			children = (
				99569C5618FF36D600A211F3 /* BME598_final_project.app */,
				99569C7718FF36D600A211F3 /* BME598_final_projectTests.xctest */,
			);
			name = Products;
			sourceTree = "<group>";
		};
		99569C5818FF36D600A211F3 /* Frameworks */ = {
			isa = PBXGroup;
			children = (
				99332A7E1900FC3F00529337 /* Accelerate.framework */,
				99332A7C1900FC3B00529337 /* QuartzCore.framework */,
				99569C5918FF36D600A211F3 /* Foundation.framework */,
				99569C5B18FF36D600A211F3 /* CoreGraphics.framework */,
				99569C5D18FF36D600A211F3 /* UIKit.framework */,
				99569C7818FF36D600A211F3 /* XCTest.framework */,
			);
			name = Frameworks;
			sourceTree = "<group>";
		};
		99569C5F18FF36D600A211F3 /* BME598_final_project */ = {
			isa = PBXGroup;
			children = (
				99332A831900FD7400529337 /* CorePlotHeaders */,
				99569C6818FF36D600A211F3 /* AppDelegate.h */,
				99569C6918FF36D600A211F3 /* AppDelegate.m */,
				99569C6B18FF36D600A211F3 /* Main.storyboard */,
				99569C9418FF3FDA00A211F3 /* Models */,
				99569C7118FF36D600A211F3 /* Images.xcassets */,
				99569C6018FF36D600A211F3 /* Supporting Files */,
			);
			path = BME598_final_project;
			sourceTree = "<group>";
		};
		99569C6018FF36D600A211F3 /* Supporting Files */ = {
			isa = PBXGroup;
			children = (
				99332A781900FC0000529337 /* libCorePlot-CocoaTouch.a */,
				99569C6118FF36D600A211F3 /* BME598_final_project-Info.plist */,
				99569C6218FF36D600A211F3 /* InfoPlist.strings */,
				99569C6518FF36D600A211F3 /* main.m */,
				99569C6718FF36D600A211F3 /* BME598_final_project-Prefix.pch */,
			);
			name = "Supporting Files";
			sourceTree = "<group>";
		};
		99569C7E18FF36D600A211F3 /* BME598_final_projectTests */ = {
			isa = PBXGroup;
			children = (
				99569C8418FF36D600A211F3 /* BME598_final_projectTests.m */,
				99569C7F18FF36D600A211F3 /* Supporting Files */,
			);
			path = BME598_final_projectTests;
			sourceTree = "<group>";
		};
		99569C7F18FF36D600A211F3 /* Supporting Files */ = {
			isa = PBXGroup;
			children = (
				99569C8018FF36D600A211F3 /* BME598_final_projectTests-Info.plist */,
				99569C8118FF36D600A211F3 /* InfoPlist.strings */,
			);
			name = "Supporting Files";
			sourceTree = "<group>";
		};
		99569C9418FF3FDA00A211F3 /* Models */ = {
			isa = PBXGroup;
			children = (
				99569C8E18FF372200A211F3 /* XivelyManager.h */,
				99569C8F18FF372200A211F3 /* XivelyManager.m */,
				99569C9118FF3DC000A211F3 /* XivelyData.h */,
				99569C9218FF3DC000A211F3 /* XivelyData.m */,
				993328D91900C23300529337 /* XivelyTimepoint.h */,
				993328DA1900C23300529337 /* XivelyTimepoint.m */,
			);
			name = Models;
			sourceTree = "<group>";
		};
/* End PBXGroup section */

/* Begin PBXNativeTarget section */
		99569C5518FF36D600A211F3 /* BME598_final_project */ = {
			isa = PBXNativeTarget;
			buildConfigurationList = 99569C8818FF36D600A211F3 /* Build configuration list for PBXNativeTarget "BME598_final_project" */;
			buildPhases = (
				99569C5218FF36D600A211F3 /* Sources */,
				99569C5318FF36D600A211F3 /* Frameworks */,
				99569C5418FF36D600A211F3 /* Resources */,
			);
			buildRules = (
			);
			dependencies = (
			);
			name = BME598_final_project;
			productName = BME598_final_project;
			productReference = 99569C5618FF36D600A211F3 /* BME598_final_project.app */;
			productType = "com.apple.product-type.application";
		};
		99569C7618FF36D600A211F3 /* BME598_final_projectTests */ = {
			isa = PBXNativeTarget;
			buildConfigurationList = 99569C8B18FF36D600A211F3 /* Build configuration list for PBXNativeTarget "BME598_final_projectTests" */;
			buildPhases = (
				99569C7318FF36D600A211F3 /* Sources */,
				99569C7418FF36D600A211F3 /* Frameworks */,
				99569C7518FF36D600A211F3 /* Resources */,
			);
			buildRules = (
			);
			dependencies = (
				99569C7D18FF36D600A211F3 /* PBXTargetDependency */,
			);
			name = BME598_final_projectTests;
			productName = BME598_final_projectTests;
			productReference = 99569C7718FF36D600A211F3 /* BME598_final_projectTests.xctest */;
			productType = "com.apple.product-type.bundle.unit-test";
		};
/* End PBXNativeTarget section */

/* Begin PBXProject section */
		99569C4E18FF36D600A211F3 /* Project object */ = {
			isa = PBXProject;
			attributes = {
				LastUpgradeCheck = 0510;
				ORGANIZATIONNAME = ASU;
				TargetAttributes = {
					99569C7618FF36D600A211F3 = {
						TestTargetID = 99569C5518FF36D600A211F3;
					};
				};
			};
			buildConfigurationList = 99569C5118FF36D600A211F3 /* Build configuration list for PBXProject "BME598_final_project" */;
			compatibilityVersion = "Xcode 3.2";
			developmentRegion = English;
			hasScannedForEncodings = 0;
			knownRegions = (
				en,
				Base,
			);
			mainGroup = 99569C4D18FF36D600A211F3;
			productRefGroup = 99569C5718FF36D600A211F3 /* Products */;
			projectDirPath = "";
			projectRoot = "";
			targets = (
				99569C5518FF36D600A211F3 /* BME598_final_project */,
				99569C7618FF36D600A211F3 /* BME598_final_projectTests */,
			);
		};
/* End PBXProject section */

/* Begin PBXResourcesBuildPhase section */
		99569C5418FF36D600A211F3 /* Resources */ = {
			isa = PBXResourcesBuildPhase;
			buildActionMask = 2147483647;
			files = (
				99569C7218FF36D600A211F3 /* Images.xcassets in Resources */,
				99569C6418FF36D600A211F3 /* InfoPlist.strings in Resources */,
				99569C6D18FF36D600A211F3 /* Main.storyboard in Resources */,
			);
			runOnlyForDeploymentPostprocessing = 0;
		};
		99569C7518FF36D600A211F3 /* Resources */ = {
			isa = PBXResourcesBuildPhase;
			buildActionMask = 2147483647;
			files = (
				99569C8318FF36D600A211F3 /* InfoPlist.strings in Resources */,
			);
			runOnlyForDeploymentPostprocessing = 0;
		};
/* End PBXResourcesBuildPhase section */

/* Begin PBXSourcesBuildPhase section */
		99569C5218FF36D600A211F3 /* Sources */ = {
			isa = PBXSourcesBuildPhase;
			buildActionMask = 2147483647;
			files = (
				99569C6A18FF36D600A211F3 /* AppDelegate.m in Sources */,
				99569C9018FF372200A211F3 /* XivelyManager.m in Sources */,
				99569C6618FF36D600A211F3 /* main.m in Sources */,
				99332A821900FD1000529337 /* CorePlotExampleViewController.m in Sources */,
				993328DB1900C23300529337 /* XivelyTimepoint.m in Sources */,
				99569C9318FF3DC000A211F3 /* XivelyData.m in Sources */,
			);
			runOnlyForDeploymentPostprocessing = 0;
		};
		99569C7318FF36D600A211F3 /* Sources */ = {
			isa = PBXSourcesBuildPhase;
			buildActionMask = 2147483647;
			files = (
				99569C8518FF36D600A211F3 /* BME598_final_projectTests.m in Sources */,
			);
			runOnlyForDeploymentPostprocessing = 0;
		};
/* End PBXSourcesBuildPhase section */

/* Begin PBXTargetDependency section */
		99569C7D18FF36D600A211F3 /* PBXTargetDependency */ = {
			isa = PBXTargetDependency;
			target = 99569C5518FF36D600A211F3 /* BME598_final_project */;
			targetProxy = 99569C7C18FF36D600A211F3 /* PBXContainerItemProxy */;
		};
/* End PBXTargetDependency section */

/* Begin PBXVariantGroup section */
		99569C6218FF36D600A211F3 /* InfoPlist.strings */ = {
			isa = PBXVariantGroup;
			children = (
				99569C6318FF36D600A211F3 /* en */,
			);
			name = InfoPlist.strings;
			sourceTree = "<group>";
		};
		99569C6B18FF36D600A211F3 /* Main.storyboard */ = {
			isa = PBXVariantGroup;
			children = (
				99569C6C18FF36D600A211F3 /* Base */,
			);
			name = Main.storyboard;
			sourceTree = "<group>";
		};
		99569C8118FF36D600A211F3 /* InfoPlist.strings */ = {
			isa = PBXVariantGroup;
			children = (
				99569C8218FF36D600A211F3 /* en */,
			);
			name = InfoPlist.strings;
			sourceTree = "<group>";
		};
/* End PBXVariantGroup section */

/* Begin XCBuildConfiguration section */
		99569C8618FF36D600A211F3 /* Debug */ = {
			isa = XCBuildConfiguration;
			buildSettings = {
				ALWAYS_SEARCH_USER_PATHS = NO;
				CLANG_CXX_LANGUAGE_STANDARD = "gnu++0x";
				CLANG_CXX_LIBRARY = "libc++";
				CLANG_ENABLE_MODULES = YES;
				CLANG_ENABLE_OBJC_ARC = YES;
				CLANG_WARN_BOOL_CONVERSION = YES;
				CLANG_WARN_CONSTANT_CONVERSION = YES;
				CLANG_WARN_DIRECT_OBJC_ISA_USAGE = YES_ERROR;
				CLANG_WARN_EMPTY_BODY = YES;
				CLANG_WARN_ENUM_CONVERSION = YES;
				CLANG_WARN_INT_CONVERSION = YES;
				CLANG_WARN_OBJC_ROOT_CLASS = YES_ERROR;
				CLANG_WARN__DUPLICATE_METHOD_MATCH = YES;
				"CODE_SIGN_IDENTITY[sdk=iphoneos*]" = "iPhone Developer";
				COPY_PHASE_STRIP = NO;
				GCC_C_LANGUAGE_STANDARD = gnu99;
				GCC_DYNAMIC_NO_PIC = NO;
				GCC_OPTIMIZATION_LEVEL = 0;
				GCC_PREPROCESSOR_DEFINITIONS = (
					"DEBUG=1",
					"$(inherited)",
				);
				GCC_SYMBOLS_PRIVATE_EXTERN = NO;
				GCC_WARN_64_TO_32_BIT_CONVERSION = YES;
				GCC_WARN_ABOUT_RETURN_TYPE = YES_ERROR;
				GCC_WARN_UNDECLARED_SELECTOR = YES;
				GCC_WARN_UNINITIALIZED_AUTOS = YES_AGGRESSIVE;
				GCC_WARN_UNUSED_FUNCTION = YES;
				GCC_WARN_UNUSED_VARIABLE = YES;
				IPHONEOS_DEPLOYMENT_TARGET = 7.1;
				ONLY_ACTIVE_ARCH = YES;
				SDKROOT = iphoneos;
			};
			name = Debug;
		};
		99569C8718FF36D600A211F3 /* Release */ = {
			isa = XCBuildConfiguration;
			buildSettings = {
				ALWAYS_SEARCH_USER_PATHS = NO;
				CLANG_CXX_LANGUAGE_STANDARD = "gnu++0x";
				CLANG_CXX_LIBRARY = "libc++";
				CLANG_ENABLE_MODULES = YES;
				CLANG_ENABLE_OBJC_ARC = YES;
				CLANG_WARN_BOOL_CONVERSION = YES;
				CLANG_WARN_CONSTANT_CONVERSION = YES;
				CLANG_WARN_DIRECT_OBJC_ISA_USAGE = YES_ERROR;
				CLANG_WARN_EMPTY_BODY = YES;
				CLANG_WARN_ENUM_CONVERSION = YES;
				CLANG_WARN_INT_CONVERSION = YES;
				CLANG_WARN_OBJC_ROOT_CLASS = YES_ERROR;
				CLANG_WARN__DUPLICATE_METHOD_MATCH = YES;
				"CODE_SIGN_IDENTITY[sdk=iphoneos*]" = "iPhone Developer";
				COPY_PHASE_STRIP = YES;
				ENABLE_NS_ASSERTIONS = NO;
				GCC_C_LANGUAGE_STANDARD = gnu99;
				GCC_WARN_64_TO_32_BIT_CONVERSION = YES;
				GCC_WARN_ABOUT_RETURN_TYPE = YES_ERROR;
				GCC_WARN_UNDECLARED_SELECTOR = YES;
				GCC_WARN_UNINITIALIZED_AUTOS = YES_AGGRESSIVE;
				GCC_WARN_UNUSED_FUNCTION = YES;
				GCC_WARN_UNUSED_VARIABLE = YES;
				IPHONEOS_DEPLOYMENT_TARGET = 7.1;
				SDKROOT = iphoneos;
				VALIDATE_PRODUCT = YES;
			};
			name = Release;
		};
		99569C8918FF36D600A211F3 /* Debug */ = {
			isa = XCBuildConfiguration;
			buildSettings = {
				ASSETCATALOG_COMPILER_APPICON_NAME = AppIcon;
				ASSETCATALOG_COMPILER_LAUNCHIMAGE_NAME = LaunchImage;
				GCC_PRECOMPILE_PREFIX_HEADER = YES;
				GCC_PREFIX_HEADER = "BME598_final_project/BME598_final_project-Prefix.pch";
				INFOPLIST_FILE = "BME598_final_project/BME598_final_project-Info.plist";
				IPHONEOS_DEPLOYMENT_TARGET = 7.0;
				LIBRARY_SEARCH_PATHS = (
					"$(inherited)",
					"$(PROJECT_DIR)/BME598_final_project",
				);
				OTHER_LDFLAGS = "-ObjC";
				PRODUCT_NAME = "$(TARGET_NAME)";
				WRAPPER_EXTENSION = app;
			};
			name = Debug;
		};
		99569C8A18FF36D600A211F3 /* Release */ = {
			isa = XCBuildConfiguration;
			buildSettings = {
				ASSETCATALOG_COMPILER_APPICON_NAME = AppIcon;
				ASSETCATALOG_COMPILER_LAUNCHIMAGE_NAME = LaunchImage;
				GCC_PRECOMPILE_PREFIX_HEADER = YES;
				GCC_PREFIX_HEADER = "BME598_final_project/BME598_final_project-Prefix.pch";
				INFOPLIST_FILE = "BME598_final_project/BME598_final_project-Info.plist";
				IPHONEOS_DEPLOYMENT_TARGET = 7.0;
				LIBRARY_SEARCH_PATHS = (
					"$(inherited)",
					"$(PROJECT_DIR)/BME598_final_project",
				);
				OTHER_LDFLAGS = "-ObjC";
				PRODUCT_NAME = "$(TARGET_NAME)";
				WRAPPER_EXTENSION = app;
			};
			name = Release;
		};
		99569C8C18FF36D600A211F3 /* Debug */ = {
			isa = XCBuildConfiguration;
			buildSettings = {
				BUNDLE_LOADER = "$(BUILT_PRODUCTS_DIR)/BME598_final_project.app/BME598_final_project";
				FRAMEWORK_SEARCH_PATHS = (
					"$(SDKROOT)/Developer/Library/Frameworks",
					"$(inherited)",
					"$(DEVELOPER_FRAMEWORKS_DIR)",
				);
				GCC_PRECOMPILE_PREFIX_HEADER = YES;
				GCC_PREFIX_HEADER = "BME598_final_project/BME598_final_project-Prefix.pch";
				GCC_PREPROCESSOR_DEFINITIONS = (
					"DEBUG=1",
					"$(inherited)",
				);
				INFOPLIST_FILE = "BME598_final_projectTests/BME598_final_projectTests-Info.plist";
				PRODUCT_NAME = "$(TARGET_NAME)";
				TEST_HOST = "$(BUNDLE_LOADER)";
				WRAPPER_EXTENSION = xctest;
			};
			name = Debug;
		};
		99569C8D18FF36D600A211F3 /* Release */ = {
			isa = XCBuildConfiguration;
			buildSettings = {
				BUNDLE_LOADER = "$(BUILT_PRODUCTS_DIR)/BME598_final_project.app/BME598_final_project";
				FRAMEWORK_SEARCH_PATHS = (
					"$(SDKROOT)/Developer/Library/Frameworks",
					"$(inherited)",
					"$(DEVELOPER_FRAMEWORKS_DIR)",
				);
				GCC_PRECOMPILE_PREFIX_HEADER = YES;
				GCC_PREFIX_HEADER = "BME598_final_project/BME598_final_project-Prefix.pch";
				INFOPLIST_FILE = "BME598_final_projectTests/BME598_final_projectTests-Info.plist";
				PRODUCT_NAME = "$(TARGET_NAME)";
				TEST_HOST = "$(BUNDLE_LOADER)";
				WRAPPER_EXTENSION = xctest;
			};
			name = Release;
		};
/* End XCBuildConfiguration section */

/* Begin XCConfigurationList section */
		99569C5118FF36D600A211F3 /* Build configuration list for PBXProject "BME598_final_project" */ = {
			isa = XCConfigurationList;
			buildConfigurations = (
				99569C8618FF36D600A211F3 /* Debug */,
				99569C8718FF36D600A211F3 /* Release */,
			);
			defaultConfigurationIsVisible = 0;
			defaultConfigurationName = Release;
		};
		99569C8818FF36D600A211F3 /* Build configuration list for PBXNativeTarget "BME598_final_project" */ = {
			isa = XCConfigurationList;
			buildConfigurations = (
				99569C8918FF36D600A211F3 /* Debug */,
				99569C8A18FF36D600A211F3 /* Release */,
			);
			defaultConfigurationIsVisible = 0;
			defaultConfigurationName = Release;
		};
		99569C8B18FF36D600A211F3 /* Build configuration list for PBXNativeTarget "BME598_final_projectTests" */ = {
			isa = XCConfigurationList;
			buildConfigurations = (
				99569C8C18FF36D600A211F3 /* Debug */,
				99569C8D18FF36D600A211F3 /* Release */,
			);
			defaultConfigurationIsVisible = 0;
			defaultConfigurationName = Release;
		};
/* End XCConfigurationList section */
	};
	rootObject = 99569C4E18FF36D600A211F3 /* Project object */;
}
